Microsoft Visual Studio Solution File, Format Version 12.00
# Visual Studio Version 17
VisualStudioVersion = 17.13.35931.197
MinimumVisualStudioVersion = 10.0.40219.1
Project("{FAE04EC0-301F-11D3-BF4B-00C04F79EFBC}") = "AstroTech.Presentation", "AstroTech\AstroTech.Presentation.csproj", "{2E4AF5F2-B8CD-2A34-7A99-7E6976374128}"
EndProject
Project("{FAE04EC0-301F-11D3-BF4B-00C04F79EFBC}") = "AstroTech.DAL", "AstroTech.DAL\AstroTech.DAL.csproj", "{2D2D04FE-40AC-E20C-1F41-1760C10D1C3C}"
EndProject
Project("{FAE04EC0-301F-11D3-BF4B-00C04F79EFBC}") = "AstroTech.BLL", "AstroTech.BLL\AstroTech.BLL.csproj", "{F6AB639A-B404-99D2-F67B-775A07255250}"
EndProject
Global
	GlobalSection(SolutionConfigurationPlatforms) = preSolution
		Debug|Any CPU = Debug|Any CPU
		Release|Any CPU = Release|Any CPU
	EndGlobalSection
	GlobalSection(ProjectConfigurationPlatforms) = postSolution
		{2E4AF5F2-B8CD-2A34-7A99-7E6976374128}.Debug|Any CPU.ActiveCfg = Debug|Any CPU
		{2E4AF5F2-B8CD-2A34-7A99-7E6976374128}.Debug|Any CPU.Build.0 = Debug|Any CPU
		{2E4AF5F2-B8CD-2A34-7A99-7E6976374128}.Release|Any CPU.ActiveCfg = Release|Any CPU
		{2E4AF5F2-B8CD-2A34-7A99-7E6976374128}.Release|Any CPU.Build.0 = Release|Any CPU
		{2D2D04FE-40AC-E20C-1F41-1760C10D1C3C}.Debug|Any CPU.ActiveCfg = Debug|Any CPU
		{2D2D04FE-40AC-E20C-1F41-1760C10D1C3C}.Debug|Any CPU.Build.0 = Debug|Any CPU
		{2D2D04FE-40AC-E20C-1F41-1760C10D1C3C}.Release|Any CPU.ActiveCfg = Release|Any CPU
		{2D2D04FE-40AC-E20C-1F41-1760C10D1C3C}.Release|Any CPU.Build.0 = Release|Any CPU
		{F6AB639A-B404-99D2-F67B-775A07255250}.Debug|Any CPU.ActiveCfg = Debug|Any CPU
		{F6AB639A-B404-99D2-F67B-775A07255250}.Debug|Any CPU.Build.0 = Debug|Any CPU
		{F6AB639A-B404-99D2-F67B-775A07255250}.Release|Any CPU.ActiveCfg = Release|Any CPU
		{F6AB639A-B404-99D2-F67B-775A07255250}.Release|Any CPU.Build.0 = Release|Any CPU
	EndGlobalSection
	GlobalSection(SolutionProperties) = preSolution
		HideSolutionNode = FALSE
	EndGlobalSection
	GlobalSection(ExtensibilityGlobals) = postSolution
		SolutionGuid = {D064C593-6E12-409C-B2EA-5023F301C907}
	EndGlobalSection
EndGlobal
